
Microsoft Visual Studio Solution File, Format Version 12.00
# Visual Studio 15
VisualStudioVersion = 15.0.28010.2026
MinimumVisualStudioVersion = 10.0.40219.1
Project("{FAE04EC0-301F-11D3-BF4B-00C04F79EFBC}") = "EnterpriseApp.Android", "EnterpriseApp\EnterpriseApp.Android\EnterpriseApp.Android.csproj", "{9C80060F-68B7-4935-A9DF-0FD917F55435}"
EndProject
Project("{FAE04EC0-301F-11D3-BF4B-00C04F79EFBC}") = "EnterpriseApp.iOS", "EnterpriseApp\EnterpriseApp.iOS\EnterpriseApp.iOS.csproj", "{3A773F5A-08FE-448B-8D8C-BA381B2897A7}"
EndProject
Project("{FAE04EC0-301F-11D3-BF4B-00C04F79EFBC}") = "EnterpriseApp.UWP", "EnterpriseApp\EnterpriseApp.UWP\EnterpriseApp.UWP.csproj", "{4A7F9A02-B723-4C22-B89B-B2E28B47E75F}"
EndProject
Project("{FAE04EC0-301F-11D3-BF4B-00C04F79EFBC}") = "EnterpriseApp", "EnterpriseApp\EnterpriseApp\EnterpriseApp.csproj", "{59BDD400-602D-4F66-AD82-19813076C1C2}"
EndProject
Project("{FAE04EC0-301F-11D3-BF4B-00C04F79EFBC}") = "WebApplication2", "WebApplication2\WebApplication2.csproj", "{54AC7B1C-F24F-4306-8517-8CC21A3F89F0}"
EndProject
Global
	GlobalSection(SolutionConfigurationPlatforms) = preSolution
		Ad-Hoc|Any CPU = Ad-Hoc|Any CPU
		Ad-Hoc|ARM = Ad-Hoc|ARM
		Ad-Hoc|iPhone = Ad-Hoc|iPhone
		Ad-Hoc|iPhoneSimulator = Ad-Hoc|iPhoneSimulator
		Ad-Hoc|x64 = Ad-Hoc|x64
		Ad-Hoc|x86 = Ad-Hoc|x86
		AppStore|Any CPU = AppStore|Any CPU
		AppStore|ARM = AppStore|ARM
		AppStore|iPhone = AppStore|iPhone
		AppStore|iPhoneSimulator = AppStore|iPhoneSimulator
		AppStore|x64 = AppStore|x64
		AppStore|x86 = AppStore|x86
		Debug|Any CPU = Debug|Any CPU
		Debug|ARM = Debug|ARM
		Debug|iPhone = Debug|iPhone
		Debug|iPhoneSimulator = Debug|iPhoneSimulator
		Debug|x64 = Debug|x64
		Debug|x86 = Debug|x86
		Release|Any CPU = Release|Any CPU
		Release|ARM = Release|ARM
		Release|iPhone = Release|iPhone
		Release|iPhoneSimulator = Release|iPhoneSimulator
		Release|x64 = Release|x64
		Release|x86 = Release|x86
	EndGlobalSection
	GlobalSection(ProjectConfigurationPlatforms) = postSolution
		{9C80060F-68B7-4935-A9DF-0FD917F55435}.Ad-Hoc|Any CPU.ActiveCfg = Release|Any CPU
		{9C80060F-68B7-4935-A9DF-0FD917F55435}.Ad-Hoc|Any CPU.Build.0 = Release|Any CPU
		{9C80060F-68B7-4935-A9DF-0FD917F55435}.Ad-Hoc|Any CPU.Deploy.0 = Release|Any CPU
		{9C80060F-68B7-4935-A9DF-0FD917F55435}.Ad-Hoc|ARM.ActiveCfg = Release|Any CPU
		{9C80060F-68B7-4935-A9DF-0FD917F55435}.Ad-Hoc|ARM.Build.0 = Release|Any CPU
		{9C80060F-68B7-4935-A9DF-0FD917F55435}.Ad-Hoc|ARM.Deploy.0 = Release|Any CPU
		{9C80060F-68B7-4935-A9DF-0FD917F55435}.Ad-Hoc|iPhone.ActiveCfg = Release|Any CPU
		{9C80060F-68B7-4935-A9DF-0FD917F55435}.Ad-Hoc|iPhone.Build.0 = Release|Any CPU
		{9C80060F-68B7-4935-A9DF-0FD917F55435}.Ad-Hoc|iPhone.Deploy.0 = Release|Any CPU
		{9C80060F-68B7-4935-A9DF-0FD917F55435}.Ad-Hoc|iPhoneSimulator.ActiveCfg = Release|Any CPU
		{9C80060F-68B7-4935-A9DF-0FD917F55435}.Ad-Hoc|iPhoneSimulator.Build.0 = Release|Any CPU
		{9C80060F-68B7-4935-A9DF-0FD917F55435}.Ad-Hoc|iPhoneSimulator.Deploy.0 = Release|Any CPU
		{9C80060F-68B7-4935-A9DF-0FD917F55435}.Ad-Hoc|x64.ActiveCfg = Release|Any CPU
		{9C80060F-68B7-4935-A9DF-0FD917F55435}.Ad-Hoc|x64.Build.0 = Release|Any CPU
		{9C80060F-68B7-4935-A9DF-0FD917F55435}.Ad-Hoc|x64.Deploy.0 = Release|Any CPU
		{9C80060F-68B7-4935-A9DF-0FD917F55435}.Ad-Hoc|x86.ActiveCfg = Release|Any CPU
		{9C80060F-68B7-4935-A9DF-0FD917F55435}.Ad-Hoc|x86.Build.0 = Release|Any CPU
		{9C80060F-68B7-4935-A9DF-0FD917F55435}.Ad-Hoc|x86.Deploy.0 = Release|Any CPU
		{9C80060F-68B7-4935-A9DF-0FD917F55435}.AppStore|Any CPU.ActiveCfg = Release|Any CPU
		{9C80060F-68B7-4935-A9DF-0FD917F55435}.AppStore|Any CPU.Build.0 = Release|Any CPU
		{9C80060F-68B7-4935-A9DF-0FD917F55435}.AppStore|Any CPU.Deploy.0 = Release|Any CPU
		{9C80060F-68B7-4935-A9DF-0FD917F55435}.AppStore|ARM.ActiveCfg = Release|Any CPU
		{9C80060F-68B7-4935-A9DF-0FD917F55435}.AppStore|ARM.Build.0 = Release|Any CPU
		{9C80060F-68B7-4935-A9DF-0FD917F55435}.AppStore|ARM.Deploy.0 = Release|Any CPU
		{9C80060F-68B7-4935-A9DF-0FD917F55435}.AppStore|iPhone.ActiveCfg = Release|Any CPU
		{9C80060F-68B7-4935-A9DF-0FD917F55435}.AppStore|iPhone.Build.0 = Release|Any CPU
		{9C80060F-68B7-4935-A9DF-0FD917F55435}.AppStore|iPhone.Deploy.0 = Release|Any CPU
		{9C80060F-68B7-4935-A9DF-0FD917F55435}.AppStore|iPhoneSimulator.ActiveCfg = Release|Any CPU
		{9C80060F-68B7-4935-A9DF-0FD917F55435}.AppStore|iPhoneSimulator.Build.0 = Release|Any CPU
		{9C80060F-68B7-4935-A9DF-0FD917F55435}.AppStore|iPhoneSimulator.Deploy.0 = Release|Any CPU
		{9C80060F-68B7-4935-A9DF-0FD917F55435}.AppStore|x64.ActiveCfg = Release|Any CPU
		{9C80060F-68B7-4935-A9DF-0FD917F55435}.AppStore|x64.Build.0 = Release|Any CPU
		{9C80060F-68B7-4935-A9DF-0FD917F55435}.AppStore|x64.Deploy.0 = Release|Any CPU
		{9C80060F-68B7-4935-A9DF-0FD917F55435}.AppStore|x86.ActiveCfg = Release|Any CPU
		{9C80060F-68B7-4935-A9DF-0FD917F55435}.AppStore|x86.Build.0 = Release|Any CPU
		{9C80060F-68B7-4935-A9DF-0FD917F55435}.AppStore|x86.Deploy.0 = Release|Any CPU
		{9C80060F-68B7-4935-A9DF-0FD917F55435}.Debug|Any CPU.ActiveCfg = Debug|Any CPU
		{9C80060F-68B7-4935-A9DF-0FD917F55435}.Debug|Any CPU.Build.0 = Debug|Any CPU
		{9C80060F-68B7-4935-A9DF-0FD917F55435}.Debug|Any CPU.Deploy.0 = Debug|Any CPU
		{9C80060F-68B7-4935-A9DF-0FD917F55435}.Debug|ARM.ActiveCfg = Debug|Any CPU
		{9C80060F-68B7-4935-A9DF-0FD917F55435}.Debug|ARM.Build.0 = Debug|Any CPU
		{9C80060F-68B7-4935-A9DF-0FD917F55435}.Debug|ARM.Deploy.0 = Debug|Any CPU
		{9C80060F-68B7-4935-A9DF-0FD917F55435}.Debug|iPhone.ActiveCfg = Debug|Any CPU
		{9C80060F-68B7-4935-A9DF-0FD917F55435}.Debug|iPhone.Build.0 = Debug|Any CPU
		{9C80060F-68B7-4935-A9DF-0FD917F55435}.Debug|iPhone.Deploy.0 = Debug|Any CPU
		{9C80060F-68B7-4935-A9DF-0FD917F55435}.Debug|iPhoneSimulator.ActiveCfg = Debug|Any CPU
		{9C80060F-68B7-4935-A9DF-0FD917F55435}.Debug|iPhoneSimulator.Build.0 = Debug|Any CPU
		{9C80060F-68B7-4935-A9DF-0FD917F55435}.Debug|iPhoneSimulator.Deploy.0 = Debug|Any CPU
		{9C80060F-68B7-4935-A9DF-0FD917F55435}.Debug|x64.ActiveCfg = Debug|Any CPU
		{9C80060F-68B7-4935-A9DF-0FD917F55435}.Debug|x64.Build.0 = Debug|Any CPU
		{9C80060F-68B7-4935-A9DF-0FD917F55435}.Debug|x64.Deploy.0 = Debug|Any CPU
		{9C80060F-68B7-4935-A9DF-0FD917F55435}.Debug|x86.ActiveCfg = Debug|Any CPU
		{9C80060F-68B7-4935-A9DF-0FD917F55435}.Debug|x86.Build.0 = Debug|Any CPU
		{9C80060F-68B7-4935-A9DF-0FD917F55435}.Debug|x86.Deploy.0 = Debug|Any CPU
		{9C80060F-68B7-4935-A9DF-0FD917F55435}.Release|Any CPU.ActiveCfg = Release|Any CPU
		{9C80060F-68B7-4935-A9DF-0FD917F55435}.Release|Any CPU.Build.0 = Release|Any CPU
		{9C80060F-68B7-4935-A9DF-0FD917F55435}.Release|Any CPU.Deploy.0 = Release|Any CPU
		{9C80060F-68B7-4935-A9DF-0FD917F55435}.Release|ARM.ActiveCfg = Release|Any CPU
		{9C80060F-68B7-4935-A9DF-0FD917F55435}.Release|ARM.Build.0 = Release|Any CPU
		{9C80060F-68B7-4935-A9DF-0FD917F55435}.Release|ARM.Deploy.0 = Release|Any CPU
		{9C80060F-68B7-4935-A9DF-0FD917F55435}.Release|iPhone.ActiveCfg = Release|Any CPU
		{9C80060F-68B7-4935-A9DF-0FD917F55435}.Release|iPhone.Build.0 = Release|Any CPU
		{9C80060F-68B7-4935-A9DF-0FD917F55435}.Release|iPhone.Deploy.0 = Release|Any CPU
		{9C80060F-68B7-4935-A9DF-0FD917F55435}.Release|iPhoneSimulator.ActiveCfg = Release|Any CPU
		{9C80060F-68B7-4935-A9DF-0FD917F55435}.Release|iPhoneSimulator.Build.0 = Release|Any CPU
		{9C80060F-68B7-4935-A9DF-0FD917F55435}.Release|iPhoneSimulator.Deploy.0 = Release|Any CPU
		{9C80060F-68B7-4935-A9DF-0FD917F55435}.Release|x64.ActiveCfg = Release|Any CPU
		{9C80060F-68B7-4935-A9DF-0FD917F55435}.Release|x64.Build.0 = Release|Any CPU
		{9C80060F-68B7-4935-A9DF-0FD917F55435}.Release|x64.Deploy.0 = Release|Any CPU
		{9C80060F-68B7-4935-A9DF-0FD917F55435}.Release|x86.ActiveCfg = Release|Any CPU
		{9C80060F-68B7-4935-A9DF-0FD917F55435}.Release|x86.Build.0 = Release|Any CPU
		{9C80060F-68B7-4935-A9DF-0FD917F55435}.Release|x86.Deploy.0 = Release|Any CPU
		{3A773F5A-08FE-448B-8D8C-BA381B2897A7}.Ad-Hoc|Any CPU.ActiveCfg = Ad-Hoc|iPhone
		{3A773F5A-08FE-448B-8D8C-BA381B2897A7}.Ad-Hoc|Any CPU.Build.0 = Ad-Hoc|iPhone
		{3A773F5A-08FE-448B-8D8C-BA381B2897A7}.Ad-Hoc|Any CPU.Deploy.0 = Ad-Hoc|iPhone
		{3A773F5A-08FE-448B-8D8C-BA381B2897A7}.Ad-Hoc|ARM.ActiveCfg = Ad-Hoc|iPhone
		{3A773F5A-08FE-448B-8D8C-BA381B2897A7}.Ad-Hoc|ARM.Build.0 = Ad-Hoc|iPhone
		{3A773F5A-08FE-448B-8D8C-BA381B2897A7}.Ad-Hoc|ARM.Deploy.0 = Ad-Hoc|iPhone
		{3A773F5A-08FE-448B-8D8C-BA381B2897A7}.Ad-Hoc|iPhone.ActiveCfg = Ad-Hoc|iPhone
		{3A773F5A-08FE-448B-8D8C-BA381B2897A7}.Ad-Hoc|iPhone.Build.0 = Ad-Hoc|iPhone
		{3A773F5A-08FE-448B-8D8C-BA381B2897A7}.Ad-Hoc|iPhone.Deploy.0 = Ad-Hoc|iPhone
		{3A773F5A-08FE-448B-8D8C-BA381B2897A7}.Ad-Hoc|iPhoneSimulator.ActiveCfg = Ad-Hoc|iPhoneSimulator
		{3A773F5A-08FE-448B-8D8C-BA381B2897A7}.Ad-Hoc|iPhoneSimulator.Build.0 = Ad-Hoc|iPhoneSimulator
		{3A773F5A-08FE-448B-8D8C-BA381B2897A7}.Ad-Hoc|iPhoneSimulator.Deploy.0 = Ad-Hoc|iPhoneSimulator
		{3A773F5A-08FE-448B-8D8C-BA381B2897A7}.Ad-Hoc|x64.ActiveCfg = Ad-Hoc|iPhone
		{3A773F5A-08FE-448B-8D8C-BA381B2897A7}.Ad-Hoc|x64.Build.0 = Ad-Hoc|iPhone
		{3A773F5A-08FE-448B-8D8C-BA381B2897A7}.Ad-Hoc|x64.Deploy.0 = Ad-Hoc|iPhone
		{3A773F5A-08FE-448B-8D8C-BA381B2897A7}.Ad-Hoc|x86.ActiveCfg = Ad-Hoc|iPhone
		{3A773F5A-08FE-448B-8D8C-BA381B2897A7}.Ad-Hoc|x86.Build.0 = Ad-Hoc|iPhone
		{3A773F5A-08FE-448B-8D8C-BA381B2897A7}.Ad-Hoc|x86.Deploy.0 = Ad-Hoc|iPhone
		{3A773F5A-08FE-448B-8D8C-BA381B2897A7}.AppStore|Any CPU.ActiveCfg = AppStore|iPhone
		{3A773F5A-08FE-448B-8D8C-BA381B2897A7}.AppStore|Any CPU.Build.0 = AppStore|iPhone
		{3A773F5A-08FE-448B-8D8C-BA381B2897A7}.AppStore|Any CPU.Deploy.0 = AppStore|iPhone
		{3A773F5A-08FE-448B-8D8C-BA381B2897A7}.AppStore|ARM.ActiveCfg = AppStore|iPhone
		{3A773F5A-08FE-448B-8D8C-BA381B2897A7}.AppStore|ARM.Build.0 = AppStore|iPhone
		{3A773F5A-08FE-448B-8D8C-BA381B2897A7}.AppStore|ARM.Deploy.0 = AppStore|iPhone
		{3A773F5A-08FE-448B-8D8C-BA381B2897A7}.AppStore|iPhone.ActiveCfg = AppStore|iPhone
		{3A773F5A-08FE-448B-8D8C-BA381B2897A7}.AppStore|iPhone.Build.0 = AppStore|iPhone
		{3A773F5A-08FE-448B-8D8C-BA381B2897A7}.AppStore|iPhone.Deploy.0 = AppStore|iPhone
		{3A773F5A-08FE-448B-8D8C-BA381B2897A7}.AppStore|iPhoneSimulator.ActiveCfg = AppStore|iPhoneSimulator
		{3A773F5A-08FE-448B-8D8C-BA381B2897A7}.AppStore|iPhoneSimulator.Build.0 = AppStore|iPhoneSimulator
		{3A773F5A-08FE-448B-8D8C-BA381B2897A7}.AppStore|iPhoneSimulator.Deploy.0 = AppStore|iPhoneSimulator
		{3A773F5A-08FE-448B-8D8C-BA381B2897A7}.AppStore|x64.ActiveCfg = AppStore|iPhone
		{3A773F5A-08FE-448B-8D8C-BA381B2897A7}.AppStore|x64.Build.0 = AppStore|iPhone
		{3A773F5A-08FE-448B-8D8C-BA381B2897A7}.AppStore|x64.Deploy.0 = AppStore|iPhone
		{3A773F5A-08FE-448B-8D8C-BA381B2897A7}.AppStore|x86.ActiveCfg = AppStore|iPhone
		{3A773F5A-08FE-448B-8D8C-BA381B2897A7}.AppStore|x86.Build.0 = AppStore|iPhone
		{3A773F5A-08FE-448B-8D8C-BA381B2897A7}.AppStore|x86.Deploy.0 = AppStore|iPhone
		{3A773F5A-08FE-448B-8D8C-BA381B2897A7}.Debug|Any CPU.ActiveCfg = Debug|iPhoneSimulator
		{3A773F5A-08FE-448B-8D8C-BA381B2897A7}.Debug|Any CPU.Build.0 = Debug|iPhoneSimulator
		{3A773F5A-08FE-448B-8D8C-BA381B2897A7}.Debug|Any CPU.Deploy.0 = Debug|iPhoneSimulator
		{3A773F5A-08FE-448B-8D8C-BA381B2897A7}.Debug|ARM.ActiveCfg = Debug|iPhone
		{3A773F5A-08FE-448B-8D8C-BA381B2897A7}.Debug|ARM.Build.0 = Debug|iPhone
		{3A773F5A-08FE-448B-8D8C-BA381B2897A7}.Debug|ARM.Deploy.0 = Debug|iPhone
		{3A773F5A-08FE-448B-8D8C-BA381B2897A7}.Debug|iPhone.ActiveCfg = Debug|iPhone
		{3A773F5A-08FE-448B-8D8C-BA381B2897A7}.Debug|iPhone.Build.0 = Debug|iPhone
		{3A773F5A-08FE-448B-8D8C-BA381B2897A7}.Debug|iPhone.Deploy.0 = Debug|iPhone
		{3A773F5A-08FE-448B-8D8C-BA381B2897A7}.Debug|iPhoneSimulator.ActiveCfg = Debug|iPhoneSimulator
		{3A773F5A-08FE-448B-8D8C-BA381B2897A7}.Debug|iPhoneSimulator.Build.0 = Debug|iPhoneSimulator
		{3A773F5A-08FE-448B-8D8C-BA381B2897A7}.Debug|iPhoneSimulator.Deploy.0 = Debug|iPhoneSimulator
		{3A773F5A-08FE-448B-8D8C-BA381B2897A7}.Debug|x64.ActiveCfg = Debug|iPhone
		{3A773F5A-08FE-448B-8D8C-BA381B2897A7}.Debug|x64.Build.0 = Debug|iPhone
		{3A773F5A-08FE-448B-8D8C-BA381B2897A7}.Debug|x64.Deploy.0 = Debug|iPhone
		{3A773F5A-08FE-448B-8D8C-BA381B2897A7}.Debug|x86.ActiveCfg = Debug|iPhone
		{3A773F5A-08FE-448B-8D8C-BA381B2897A7}.Debug|x86.Build.0 = Debug|iPhone
		{3A773F5A-08FE-448B-8D8C-BA381B2897A7}.Debug|x86.Deploy.0 = Debug|iPhone
		{3A773F5A-08FE-448B-8D8C-BA381B2897A7}.Release|Any CPU.ActiveCfg = Release|iPhone
		{3A773F5A-08FE-448B-8D8C-BA381B2897A7}.Release|Any CPU.Build.0 = Release|iPhone
		{3A773F5A-08FE-448B-8D8C-BA381B2897A7}.Release|Any CPU.Deploy.0 = Release|iPhone
		{3A773F5A-08FE-448B-8D8C-BA381B2897A7}.Release|ARM.ActiveCfg = Release|iPhone
		{3A773F5A-08FE-448B-8D8C-BA381B2897A7}.Release|ARM.Build.0 = Release|iPhone
		{3A773F5A-08FE-448B-8D8C-BA381B2897A7}.Release|ARM.Deploy.0 = Release|iPhone
		{3A773F5A-08FE-448B-8D8C-BA381B2897A7}.Release|iPhone.ActiveCfg = Release|iPhone
		{3A773F5A-08FE-448B-8D8C-BA381B2897A7}.Release|iPhone.Build.0 = Release|iPhone
		{3A773F5A-08FE-448B-8D8C-BA381B2897A7}.Release|iPhone.Deploy.0 = Release|iPhone
		{3A773F5A-08FE-448B-8D8C-BA381B2897A7}.Release|iPhoneSimulator.ActiveCfg = Release|iPhoneSimulator
		{3A773F5A-08FE-448B-8D8C-BA381B2897A7}.Release|iPhoneSimulator.Build.0 = Release|iPhoneSimulator
		{3A773F5A-08FE-448B-8D8C-BA381B2897A7}.Release|iPhoneSimulator.Deploy.0 = Release|iPhoneSimulator
		{3A773F5A-08FE-448B-8D8C-BA381B2897A7}.Release|x64.ActiveCfg = Release|iPhone
		{3A773F5A-08FE-448B-8D8C-BA381B2897A7}.Release|x64.Build.0 = Release|iPhone
		{3A773F5A-08FE-448B-8D8C-BA381B2897A7}.Release|x64.Deploy.0 = Release|iPhone
		{3A773F5A-08FE-448B-8D8C-BA381B2897A7}.Release|x86.ActiveCfg = Release|iPhone
		{3A773F5A-08FE-448B-8D8C-BA381B2897A7}.Release|x86.Build.0 = Release|iPhone
		{3A773F5A-08FE-448B-8D8C-BA381B2897A7}.Release|x86.Deploy.0 = Release|iPhone
		{4A7F9A02-B723-4C22-B89B-B2E28B47E75F}.Ad-Hoc|Any CPU.ActiveCfg = Release|x86
		{4A7F9A02-B723-4C22-B89B-B2E28B47E75F}.Ad-Hoc|Any CPU.Build.0 = Release|x86
		{4A7F9A02-B723-4C22-B89B-B2E28B47E75F}.Ad-Hoc|Any CPU.Deploy.0 = Release|x86
		{4A7F9A02-B723-4C22-B89B-B2E28B47E75F}.Ad-Hoc|ARM.ActiveCfg = Release|ARM
		{4A7F9A02-B723-4C22-B89B-B2E28B47E75F}.Ad-Hoc|ARM.Build.0 = Release|ARM
		{4A7F9A02-B723-4C22-B89B-B2E28B47E75F}.Ad-Hoc|ARM.Deploy.0 = Release|ARM
		{4A7F9A02-B723-4C22-B89B-B2E28B47E75F}.Ad-Hoc|iPhone.ActiveCfg = Release|x86
		{4A7F9A02-B723-4C22-B89B-B2E28B47E75F}.Ad-Hoc|iPhone.Build.0 = Release|x86
		{4A7F9A02-B723-4C22-B89B-B2E28B47E75F}.Ad-Hoc|iPhone.Deploy.0 = Release|x86
		{4A7F9A02-B723-4C22-B89B-B2E28B47E75F}.Ad-Hoc|iPhoneSimulator.ActiveCfg = Release|x86
		{4A7F9A02-B723-4C22-B89B-B2E28B47E75F}.Ad-Hoc|iPhoneSimulator.Build.0 = Release|x86
		{4A7F9A02-B723-4C22-B89B-B2E28B47E75F}.Ad-Hoc|iPhoneSimulator.Deploy.0 = Release|x86
		{4A7F9A02-B723-4C22-B89B-B2E28B47E75F}.Ad-Hoc|x64.ActiveCfg = Release|x64
		{4A7F9A02-B723-4C22-B89B-B2E28B47E75F}.Ad-Hoc|x64.Build.0 = Release|x64
		{4A7F9A02-B723-4C22-B89B-B2E28B47E75F}.Ad-Hoc|x64.Deploy.0 = Release|x64
		{4A7F9A02-B723-4C22-B89B-B2E28B47E75F}.Ad-Hoc|x86.ActiveCfg = Release|x86
		{4A7F9A02-B723-4C22-B89B-B2E28B47E75F}.Ad-Hoc|x86.Build.0 = Release|x86
		{4A7F9A02-B723-4C22-B89B-B2E28B47E75F}.Ad-Hoc|x86.Deploy.0 = Release|x86
		{4A7F9A02-B723-4C22-B89B-B2E28B47E75F}.AppStore|Any CPU.ActiveCfg = Release|x86
		{4A7F9A02-B723-4C22-B89B-B2E28B47E75F}.AppStore|Any CPU.Build.0 = Release|x86
		{4A7F9A02-B723-4C22-B89B-B2E28B47E75F}.AppStore|Any CPU.Deploy.0 = Release|x86
		{4A7F9A02-B723-4C22-B89B-B2E28B47E75F}.AppStore|ARM.ActiveCfg = Release|ARM
		{4A7F9A02-B723-4C22-B89B-B2E28B47E75F}.AppStore|ARM.Build.0 = Release|ARM
		{4A7F9A02-B723-4C22-B89B-B2E28B47E75F}.AppStore|ARM.Deploy.0 = Release|ARM
		{4A7F9A02-B723-4C22-B89B-B2E28B47E75F}.AppStore|iPhone.ActiveCfg = Release|x86
		{4A7F9A02-B723-4C22-B89B-B2E28B47E75F}.AppStore|iPhone.Build.0 = Release|x86
		{4A7F9A02-B723-4C22-B89B-B2E28B47E75F}.AppStore|iPhone.Deploy.0 = Release|x86
		{4A7F9A02-B723-4C22-B89B-B2E28B47E75F}.AppStore|iPhoneSimulator.ActiveCfg = Release|x86
		{4A7F9A02-B723-4C22-B89B-B2E28B47E75F}.AppStore|iPhoneSimulator.Build.0 = Release|x86
		{4A7F9A02-B723-4C22-B89B-B2E28B47E75F}.AppStore|iPhoneSimulator.Deploy.0 = Release|x86
		{4A7F9A02-B723-4C22-B89B-B2E28B47E75F}.AppStore|x64.ActiveCfg = Release|x64
		{4A7F9A02-B723-4C22-B89B-B2E28B47E75F}.AppStore|x64.Build.0 = Release|x64
		{4A7F9A02-B723-4C22-B89B-B2E28B47E75F}.AppStore|x64.Deploy.0 = Release|x64
		{4A7F9A02-B723-4C22-B89B-B2E28B47E75F}.AppStore|x86.ActiveCfg = Release|x86
		{4A7F9A02-B723-4C22-B89B-B2E28B47E75F}.AppStore|x86.Build.0 = Release|x86
		{4A7F9A02-B723-4C22-B89B-B2E28B47E75F}.AppStore|x86.Deploy.0 = Release|x86
		{4A7F9A02-B723-4C22-B89B-B2E28B47E75F}.Debug|Any CPU.ActiveCfg = Debug|x86
		{4A7F9A02-B723-4C22-B89B-B2E28B47E75F}.Debug|Any CPU.Build.0 = Debug|x86
		{4A7F9A02-B723-4C22-B89B-B2E28B47E75F}.Debug|Any CPU.Deploy.0 = Debug|x86
		{4A7F9A02-B723-4C22-B89B-B2E28B47E75F}.Debug|ARM.ActiveCfg = Debug|ARM
		{4A7F9A02-B723-4C22-B89B-B2E28B47E75F}.Debug|ARM.Build.0 = Debug|ARM
		{4A7F9A02-B723-4C22-B89B-B2E28B47E75F}.Debug|ARM.Deploy.0 = Debug|ARM
		{4A7F9A02-B723-4C22-B89B-B2E28B47E75F}.Debug|iPhone.ActiveCfg = Debug|x86
		{4A7F9A02-B723-4C22-B89B-B2E28B47E75F}.Debug|iPhone.Build.0 = Debug|x86
		{4A7F9A02-B723-4C22-B89B-B2E28B47E75F}.Debug|iPhone.Deploy.0 = Debug|x86
		{4A7F9A02-B723-4C22-B89B-B2E28B47E75F}.Debug|iPhoneSimulator.ActiveCfg = Debug|x86
		{4A7F9A02-B723-4C22-B89B-B2E28B47E75F}.Debug|iPhoneSimulator.Build.0 = Debug|x86
		{4A7F9A02-B723-4C22-B89B-B2E28B47E75F}.Debug|iPhoneSimulator.Deploy.0 = Debug|x86
		{4A7F9A02-B723-4C22-B89B-B2E28B47E75F}.Debug|x64.ActiveCfg = Debug|x64
		{4A7F9A02-B723-4C22-B89B-B2E28B47E75F}.Debug|x64.Build.0 = Debug|x64
		{4A7F9A02-B723-4C22-B89B-B2E28B47E75F}.Debug|x64.Deploy.0 = Debug|x64
		{4A7F9A02-B723-4C22-B89B-B2E28B47E75F}.Debug|x86.ActiveCfg = Debug|x86
		{4A7F9A02-B723-4C22-B89B-B2E28B47E75F}.Debug|x86.Build.0 = Debug|x86
		{4A7F9A02-B723-4C22-B89B-B2E28B47E75F}.Debug|x86.Deploy.0 = Debug|x86
		{4A7F9A02-B723-4C22-B89B-B2E28B47E75F}.Release|Any CPU.ActiveCfg = Release|x86
		{4A7F9A02-B723-4C22-B89B-B2E28B47E75F}.Release|Any CPU.Build.0 = Release|x86
		{4A7F9A02-B723-4C22-B89B-B2E28B47E75F}.Release|Any CPU.Deploy.0 = Release|x86
		{4A7F9A02-B723-4C22-B89B-B2E28B47E75F}.Release|ARM.ActiveCfg = Release|ARM
		{4A7F9A02-B723-4C22-B89B-B2E28B47E75F}.Release|ARM.Build.0 = Release|ARM
		{4A7F9A02-B723-4C22-B89B-B2E28B47E75F}.Release|ARM.Deploy.0 = Release|ARM
		{4A7F9A02-B723-4C22-B89B-B2E28B47E75F}.Release|iPhone.ActiveCfg = Release|x86
		{4A7F9A02-B723-4C22-B89B-B2E28B47E75F}.Release|iPhone.Build.0 = Release|x86
		{4A7F9A02-B723-4C22-B89B-B2E28B47E75F}.Release|iPhone.Deploy.0 = Release|x86
		{4A7F9A02-B723-4C22-B89B-B2E28B47E75F}.Release|iPhoneSimulator.ActiveCfg = Release|x86
		{4A7F9A02-B723-4C22-B89B-B2E28B47E75F}.Release|iPhoneSimulator.Build.0 = Release|x86
		{4A7F9A02-B723-4C22-B89B-B2E28B47E75F}.Release|iPhoneSimulator.Deploy.0 = Release|x86
		{4A7F9A02-B723-4C22-B89B-B2E28B47E75F}.Release|x64.ActiveCfg = Release|x64
		{4A7F9A02-B723-4C22-B89B-B2E28B47E75F}.Release|x64.Build.0 = Release|x64
		{4A7F9A02-B723-4C22-B89B-B2E28B47E75F}.Release|x64.Deploy.0 = Release|x64
		{4A7F9A02-B723-4C22-B89B-B2E28B47E75F}.Release|x86.ActiveCfg = Release|x86
		{4A7F9A02-B723-4C22-B89B-B2E28B47E75F}.Release|x86.Build.0 = Release|x86
		{4A7F9A02-B723-4C22-B89B-B2E28B47E75F}.Release|x86.Deploy.0 = Release|x86
		{59BDD400-602D-4F66-AD82-19813076C1C2}.Ad-Hoc|Any CPU.ActiveCfg = Debug|Any CPU
		{59BDD400-602D-4F66-AD82-19813076C1C2}.Ad-Hoc|Any CPU.Build.0 = Debug|Any CPU
		{59BDD400-602D-4F66-AD82-19813076C1C2}.Ad-Hoc|Any CPU.Deploy.0 = Debug|Any CPU
		{59BDD400-602D-4F66-AD82-19813076C1C2}.Ad-Hoc|ARM.ActiveCfg = Debug|Any CPU
		{59BDD400-602D-4F66-AD82-19813076C1C2}.Ad-Hoc|ARM.Build.0 = Debug|Any CPU
		{59BDD400-602D-4F66-AD82-19813076C1C2}.Ad-Hoc|ARM.Deploy.0 = Debug|Any CPU
		{59BDD400-602D-4F66-AD82-19813076C1C2}.Ad-Hoc|iPhone.ActiveCfg = Debug|Any CPU
		{59BDD400-602D-4F66-AD82-19813076C1C2}.Ad-Hoc|iPhone.Build.0 = Debug|Any CPU
		{59BDD400-602D-4F66-AD82-19813076C1C2}.Ad-Hoc|iPhone.Deploy.0 = Debug|Any CPU
		{59BDD400-602D-4F66-AD82-19813076C1C2}.Ad-Hoc|iPhoneSimulator.ActiveCfg = Debug|Any CPU
		{59BDD400-602D-4F66-AD82-19813076C1C2}.Ad-Hoc|iPhoneSimulator.Build.0 = Debug|Any CPU
		{59BDD400-602D-4F66-AD82-19813076C1C2}.Ad-Hoc|iPhoneSimulator.Deploy.0 = Debug|Any CPU
		{59BDD400-602D-4F66-AD82-19813076C1C2}.Ad-Hoc|x64.ActiveCfg = Debug|Any CPU
		{59BDD400-602D-4F66-AD82-19813076C1C2}.Ad-Hoc|x64.Build.0 = Debug|Any CPU
		{59BDD400-602D-4F66-AD82-19813076C1C2}.Ad-Hoc|x64.Deploy.0 = Debug|Any CPU
		{59BDD400-602D-4F66-AD82-19813076C1C2}.Ad-Hoc|x86.ActiveCfg = Debug|Any CPU
		{59BDD400-602D-4F66-AD82-19813076C1C2}.Ad-Hoc|x86.Build.0 = Debug|Any CPU
		{59BDD400-602D-4F66-AD82-19813076C1C2}.Ad-Hoc|x86.Deploy.0 = Debug|Any CPU
		{59BDD400-602D-4F66-AD82-19813076C1C2}.AppStore|Any CPU.ActiveCfg = Debug|Any CPU
		{59BDD400-602D-4F66-AD82-19813076C1C2}.AppStore|Any CPU.Build.0 = Debug|Any CPU
		{59BDD400-602D-4F66-AD82-19813076C1C2}.AppStore|Any CPU.Deploy.0 = Debug|Any CPU
		{59BDD400-602D-4F66-AD82-19813076C1C2}.AppStore|ARM.ActiveCfg = Debug|Any CPU
		{59BDD400-602D-4F66-AD82-19813076C1C2}.AppStore|ARM.Build.0 = Debug|Any CPU
		{59BDD400-602D-4F66-AD82-19813076C1C2}.AppStore|ARM.Deploy.0 = Debug|Any CPU
		{59BDD400-602D-4F66-AD82-19813076C1C2}.AppStore|iPhone.ActiveCfg = Debug|Any CPU
		{59BDD400-602D-4F66-AD82-19813076C1C2}.AppStore|iPhone.Build.0 = Debug|Any CPU
		{59BDD400-602D-4F66-AD82-19813076C1C2}.AppStore|iPhone.Deploy.0 = Debug|Any CPU
		{59BDD400-602D-4F66-AD82-19813076C1C2}.AppStore|iPhoneSimulator.ActiveCfg = Debug|Any CPU
		{59BDD400-602D-4F66-AD82-19813076C1C2}.AppStore|iPhoneSimulator.Build.0 = Debug|Any CPU
		{59BDD400-602D-4F66-AD82-19813076C1C2}.AppStore|iPhoneSimulator.Deploy.0 = Debug|Any CPU
		{59BDD400-602D-4F66-AD82-19813076C1C2}.AppStore|x64.ActiveCfg = Debug|Any CPU
		{59BDD400-602D-4F66-AD82-19813076C1C2}.AppStore|x64.Build.0 = Debug|Any CPU
		{59BDD400-602D-4F66-AD82-19813076C1C2}.AppStore|x64.Deploy.0 = Debug|Any CPU
		{59BDD400-602D-4F66-AD82-19813076C1C2}.AppStore|x86.ActiveCfg = Debug|Any CPU
		{59BDD400-602D-4F66-AD82-19813076C1C2}.AppStore|x86.Build.0 = Debug|Any CPU
		{59BDD400-602D-4F66-AD82-19813076C1C2}.AppStore|x86.Deploy.0 = Debug|Any CPU
		{59BDD400-602D-4F66-AD82-19813076C1C2}.Debug|Any CPU.ActiveCfg = Debug|Any CPU
		{59BDD400-602D-4F66-AD82-19813076C1C2}.Debug|Any CPU.Build.0 = Debug|Any CPU
		{59BDD400-602D-4F66-AD82-19813076C1C2}.Debug|Any CPU.Deploy.0 = Debug|Any CPU
		{59BDD400-602D-4F66-AD82-19813076C1C2}.Debug|ARM.ActiveCfg = Debug|Any CPU
		{59BDD400-602D-4F66-AD82-19813076C1C2}.Debug|ARM.Build.0 = Debug|Any CPU
		{59BDD400-602D-4F66-AD82-19813076C1C2}.Debug|ARM.Deploy.0 = Debug|Any CPU
		{59BDD400-602D-4F66-AD82-19813076C1C2}.Debug|iPhone.ActiveCfg = Debug|Any CPU
		{59BDD400-602D-4F66-AD82-19813076C1C2}.Debug|iPhone.Build.0 = Debug|Any CPU
		{59BDD400-602D-4F66-AD82-19813076C1C2}.Debug|iPhone.Deploy.0 = Debug|Any CPU
		{59BDD400-602D-4F66-AD82-19813076C1C2}.Debug|iPhoneSimulator.ActiveCfg = Debug|Any CPU
		{59BDD400-602D-4F66-AD82-19813076C1C2}.Debug|iPhoneSimulator.Build.0 = Debug|Any CPU
		{59BDD400-602D-4F66-AD82-19813076C1C2}.Debug|iPhoneSimulator.Deploy.0 = Debug|Any CPU
		{59BDD400-602D-4F66-AD82-19813076C1C2}.Debug|x64.ActiveCfg = Debug|Any CPU
		{59BDD400-602D-4F66-AD82-19813076C1C2}.Debug|x64.Build.0 = Debug|Any CPU
		{59BDD400-602D-4F66-AD82-19813076C1C2}.Debug|x64.Deploy.0 = Debug|Any CPU
		{59BDD400-602D-4F66-AD82-19813076C1C2}.Debug|x86.ActiveCfg = Debug|Any CPU
		{59BDD400-602D-4F66-AD82-19813076C1C2}.Debug|x86.Build.0 = Debug|Any CPU
		{59BDD400-602D-4F66-AD82-19813076C1C2}.Debug|x86.Deploy.0 = Debug|Any CPU
		{59BDD400-602D-4F66-AD82-19813076C1C2}.Release|Any CPU.ActiveCfg = Release|Any CPU
		{59BDD400-602D-4F66-AD82-19813076C1C2}.Release|Any CPU.Build.0 = Release|Any CPU
		{59BDD400-602D-4F66-AD82-19813076C1C2}.Release|Any CPU.Deploy.0 = Release|Any CPU
		{59BDD400-602D-4F66-AD82-19813076C1C2}.Release|ARM.ActiveCfg = Release|Any CPU
		{59BDD400-602D-4F66-AD82-19813076C1C2}.Release|ARM.Build.0 = Release|Any CPU
		{59BDD400-602D-4F66-AD82-19813076C1C2}.Release|ARM.Deploy.0 = Release|Any CPU
		{59BDD400-602D-4F66-AD82-19813076C1C2}.Release|iPhone.ActiveCfg = Release|Any CPU
		{59BDD400-602D-4F66-AD82-19813076C1C2}.Release|iPhone.Build.0 = Release|Any CPU
		{59BDD400-602D-4F66-AD82-19813076C1C2}.Release|iPhone.Deploy.0 = Release|Any CPU
		{59BDD400-602D-4F66-AD82-19813076C1C2}.Release|iPhoneSimulator.ActiveCfg = Release|Any CPU
		{59BDD400-602D-4F66-AD82-19813076C1C2}.Release|iPhoneSimulator.Build.0 = Release|Any CPU
		{59BDD400-602D-4F66-AD82-19813076C1C2}.Release|iPhoneSimulator.Deploy.0 = Release|Any CPU
		{59BDD400-602D-4F66-AD82-19813076C1C2}.Release|x64.ActiveCfg = Release|Any CPU
		{59BDD400-602D-4F66-AD82-19813076C1C2}.Release|x64.Build.0 = Release|Any CPU
		{59BDD400-602D-4F66-AD82-19813076C1C2}.Release|x64.Deploy.0 = Release|Any CPU
		{59BDD400-602D-4F66-AD82-19813076C1C2}.Release|x86.ActiveCfg = Release|Any CPU
		{59BDD400-602D-4F66-AD82-19813076C1C2}.Release|x86.Build.0 = Release|Any CPU
		{59BDD400-602D-4F66-AD82-19813076C1C2}.Release|x86.Deploy.0 = Release|Any CPU
		{54AC7B1C-F24F-4306-8517-8CC21A3F89F0}.Ad-Hoc|Any CPU.ActiveCfg = Release|Any CPU
		{54AC7B1C-F24F-4306-8517-8CC21A3F89F0}.Ad-Hoc|Any CPU.Build.0 = Release|Any CPU
		{54AC7B1C-F24F-4306-8517-8CC21A3F89F0}.Ad-Hoc|ARM.ActiveCfg = Release|Any CPU
		{54AC7B1C-F24F-4306-8517-8CC21A3F89F0}.Ad-Hoc|ARM.Build.0 = Release|Any CPU
		{54AC7B1C-F24F-4306-8517-8CC21A3F89F0}.Ad-Hoc|iPhone.ActiveCfg = Release|Any CPU
		{54AC7B1C-F24F-4306-8517-8CC21A3F89F0}.Ad-Hoc|iPhone.Build.0 = Release|Any CPU
		{54AC7B1C-F24F-4306-8517-8CC21A3F89F0}.Ad-Hoc|iPhoneSimulator.ActiveCfg = Release|Any CPU
		{54AC7B1C-F24F-4306-8517-8CC21A3F89F0}.Ad-Hoc|iPhoneSimulator.Build.0 = Release|Any CPU
		{54AC7B1C-F24F-4306-8517-8CC21A3F89F0}.Ad-Hoc|x64.ActiveCfg = Release|Any CPU
		{54AC7B1C-F24F-4306-8517-8CC21A3F89F0}.Ad-Hoc|x64.Build.0 = Release|Any CPU
		{54AC7B1C-F24F-4306-8517-8CC21A3F89F0}.Ad-Hoc|x86.ActiveCfg = Release|Any CPU
		{54AC7B1C-F24F-4306-8517-8CC21A3F89F0}.Ad-Hoc|x86.Build.0 = Release|Any CPU
		{54AC7B1C-F24F-4306-8517-8CC21A3F89F0}.AppStore|Any CPU.ActiveCfg = Release|Any CPU
		{54AC7B1C-F24F-4306-8517-8CC21A3F89F0}.AppStore|Any CPU.Build.0 = Release|Any CPU
		{54AC7B1C-F24F-4306-8517-8CC21A3F89F0}.AppStore|ARM.ActiveCfg = Release|Any CPU
		{54AC7B1C-F24F-4306-8517-8CC21A3F89F0}.AppStore|ARM.Build.0 = Release|Any CPU
		{54AC7B1C-F24F-4306-8517-8CC21A3F89F0}.AppStore|iPhone.ActiveCfg = Release|Any CPU
		{54AC7B1C-F24F-4306-8517-8CC21A3F89F0}.AppStore|iPhone.Build.0 = Release|Any CPU
		{54AC7B1C-F24F-4306-8517-8CC21A3F89F0}.AppStore|iPhoneSimulator.ActiveCfg = Release|Any CPU
		{54AC7B1C-F24F-4306-8517-8CC21A3F89F0}.AppStore|iPhoneSimulator.Build.0 = Release|Any CPU
		{54AC7B1C-F24F-4306-8517-8CC21A3F89F0}.AppStore|x64.ActiveCfg = Release|Any CPU
		{54AC7B1C-F24F-4306-8517-8CC21A3F89F0}.AppStore|x64.Build.0 = Release|Any CPU
		{54AC7B1C-F24F-4306-8517-8CC21A3F89F0}.AppStore|x86.ActiveCfg = Release|Any CPU
		{54AC7B1C-F24F-4306-8517-8CC21A3F89F0}.AppStore|x86.Build.0 = Release|Any CPU
		{54AC7B1C-F24F-4306-8517-8CC21A3F89F0}.Debug|Any CPU.ActiveCfg = Debug|Any CPU
		{54AC7B1C-F24F-4306-8517-8CC21A3F89F0}.Debug|Any CPU.Build.0 = Debug|Any CPU
		{54AC7B1C-F24F-4306-8517-8CC21A3F89F0}.Debug|ARM.ActiveCfg = Debug|Any CPU
		{54AC7B1C-F24F-4306-8517-8CC21A3F89F0}.Debug|ARM.Build.0 = Debug|Any CPU
		{54AC7B1C-F24F-4306-8517-8CC21A3F89F0}.Debug|iPhone.ActiveCfg = Debug|Any CPU
		{54AC7B1C-F24F-4306-8517-8CC21A3F89F0}.Debug|iPhone.Build.0 = Debug|Any CPU
		{54AC7B1C-F24F-4306-8517-8CC21A3F89F0}.Debug|iPhoneSimulator.ActiveCfg = Debug|Any CPU
		{54AC7B1C-F24F-4306-8517-8CC21A3F89F0}.Debug|iPhoneSimulator.Build.0 = Debug|Any CPU
		{54AC7B1C-F24F-4306-8517-8CC21A3F89F0}.Debug|x64.ActiveCfg = Debug|Any CPU
		{54AC7B1C-F24F-4306-8517-8CC21A3F89F0}.Debug|x64.Build.0 = Debug|Any CPU
		{54AC7B1C-F24F-4306-8517-8CC21A3F89F0}.Debug|x86.ActiveCfg = Debug|Any CPU
		{54AC7B1C-F24F-4306-8517-8CC21A3F89F0}.Debug|x86.Build.0 = Debug|Any CPU
		{54AC7B1C-F24F-4306-8517-8CC21A3F89F0}.Release|Any CPU.ActiveCfg = Release|Any CPU
		{54AC7B1C-F24F-4306-8517-8CC21A3F89F0}.Release|Any CPU.Build.0 = Release|Any CPU
		{54AC7B1C-F24F-4306-8517-8CC21A3F89F0}.Release|ARM.ActiveCfg = Release|Any CPU
		{54AC7B1C-F24F-4306-8517-8CC21A3F89F0}.Release|ARM.Build.0 = Release|Any CPU
		{54AC7B1C-F24F-4306-8517-8CC21A3F89F0}.Release|iPhone.ActiveCfg = Release|Any CPU
		{54AC7B1C-F24F-4306-8517-8CC21A3F89F0}.Release|iPhone.Build.0 = Release|Any CPU
		{54AC7B1C-F24F-4306-8517-8CC21A3F89F0}.Release|iPhoneSimulator.ActiveCfg = Release|Any CPU
		{54AC7B1C-F24F-4306-8517-8CC21A3F89F0}.Release|iPhoneSimulator.Build.0 = Release|Any CPU
		{54AC7B1C-F24F-4306-8517-8CC21A3F89F0}.Release|x64.ActiveCfg = Release|Any CPU
		{54AC7B1C-F24F-4306-8517-8CC21A3F89F0}.Release|x64.Build.0 = Release|Any CPU
		{54AC7B1C-F24F-4306-8517-8CC21A3F89F0}.Release|x86.ActiveCfg = Release|Any CPU
		{54AC7B1C-F24F-4306-8517-8CC21A3F89F0}.Release|x86.Build.0 = Release|Any CPU
	EndGlobalSection
	GlobalSection(SolutionProperties) = preSolution
		HideSolutionNode = FALSE
	EndGlobalSection
	GlobalSection(ExtensibilityGlobals) = postSolution
		SolutionGuid = {FB01AE61-5358-49DF-8A46-B1FCD3DD2FFE}
	EndGlobalSection
EndGlobal
